// !$*UTF8*$!
{
	archiveVersion = 1;
	classes = {
	};
	objectVersion = 50;
	objects = {

/* Begin PBXBuildFile section */
		70DBC69225DA574C002B315D /* AppDelegate.swift in Sources */ = {isa = PBXBuildFile; fileRef = 70DBC69125DA574C002B315D /* AppDelegate.swift */; };
		70DBC69B25DA574D002B315D /* Assets.xcassets in Resources */ = {isa = PBXBuildFile; fileRef = 70DBC69A25DA574D002B315D /* Assets.xcassets */; };
		70DBC69E25DA574D002B315D /* LaunchScreen.storyboard in Resources */ = {isa = PBXBuildFile; fileRef = 70DBC69C25DA574D002B315D /* LaunchScreen.storyboard */; };
		70DBC6B525DA58CA002B315D /* Coordinator.swift in Sources */ = {isa = PBXBuildFile; fileRef = 70DBC6B425DA58CA002B315D /* Coordinator.swift */; };
		70DBC6B925DA58D2002B315D /* Router.swift in Sources */ = {isa = PBXBuildFile; fileRef = 70DBC6B825DA58D2002B315D /* Router.swift */; };
		70DBC6BE25DA597E002B315D /* EventsViewController.swift in Sources */ = {isa = PBXBuildFile; fileRef = 70DBC6BD25DA597E002B315D /* EventsViewController.swift */; };
		70DBC6C325DA59B5002B315D /* EventsViewController.xib in Resources */ = {isa = PBXBuildFile; fileRef = 70DBC6C225DA59B5002B315D /* EventsViewController.xib */; };
		70DBC6C625DA59D2002B315D /* EventsModuleIntitializer.swift in Sources */ = {isa = PBXBuildFile; fileRef = 70DBC6C525DA59D2002B315D /* EventsModuleIntitializer.swift */; };
		70DBC6C925DA59DF002B315D /* EventsViewModel.swift in Sources */ = {isa = PBXBuildFile; fileRef = 70DBC6C825DA59DF002B315D /* EventsViewModel.swift */; };
		70DBC6CE25DA59F4002B315D /* ApplicationCoordinator.swift in Sources */ = {isa = PBXBuildFile; fileRef = 70DBC6CD25DA59F4002B315D /* ApplicationCoordinator.swift */; };
		70DBC6D225DA5AE2002B315D /* Closure.swift in Sources */ = {isa = PBXBuildFile; fileRef = 70DBC6D125DA5AE2002B315D /* Closure.swift */; };
		70DBC6D925DA5D45002B315D /* UIWindow+Extension.swift in Sources */ = {isa = PBXBuildFile; fileRef = 70DBC6D825DA5D45002B315D /* UIWindow+Extension.swift */; };
		70DBC6DD25DA5D87002B315D /* Router+Extension.swift in Sources */ = {isa = PBXBuildFile; fileRef = 70DBC6DC25DA5D87002B315D /* Router+Extension.swift */; };
		70DBC6E025DA5DE7002B315D /* String+Extension.swift in Sources */ = {isa = PBXBuildFile; fileRef = 70DBC6DF25DA5DE7002B315D /* String+Extension.swift */; };
		70DBC6EB25DA5E3E002B315D /* Localizable.strings in Resources */ = {isa = PBXBuildFile; fileRef = 70DBC6EA25DA5E3E002B315D /* Localizable.strings */; };
		70DBC6F025DA622F002B315D /* Result.swift in Sources */ = {isa = PBXBuildFile; fileRef = 70DBC6EF25DA622F002B315D /* Result.swift */; };
		70DBC6F425DA6279002B315D /* ServerError.swift in Sources */ = {isa = PBXBuildFile; fileRef = 70DBC6F325DA6279002B315D /* ServerError.swift */; };
		70DBC6F725DA6297002B315D /* APIClient.swift in Sources */ = {isa = PBXBuildFile; fileRef = 70DBC6F625DA6297002B315D /* APIClient.swift */; };
		70DBC6FB25DA62BE002B315D /* CustomError.swift in Sources */ = {isa = PBXBuildFile; fileRef = 70DBC6FA25DA62BE002B315D /* CustomError.swift */; };
		70DBC6FE25DA62DF002B315D /* Route.swift in Sources */ = {isa = PBXBuildFile; fileRef = 70DBC6FD25DA62DF002B315D /* Route.swift */; };
		70DBC70125DA6320002B315D /* DateDecodingStrategy+Extension.swift in Sources */ = {isa = PBXBuildFile; fileRef = 70DBC70025DA6320002B315D /* DateDecodingStrategy+Extension.swift */; };
		70DBC70425DA6399002B315D /* Urls.swift in Sources */ = {isa = PBXBuildFile; fileRef = 70DBC70325DA6399002B315D /* Urls.swift */; };
		70DBC70725DA708D002B315D /* Events.swift in Sources */ = {isa = PBXBuildFile; fileRef = 70DBC70625DA708D002B315D /* Events.swift */; };
		70DBC70A25DA70C2002B315D /* EventsInteractor.swift in Sources */ = {isa = PBXBuildFile; fileRef = 70DBC70925DA70C2002B315D /* EventsInteractor.swift */; };
		70DBC70D25DA7466002B315D /* Event.swift in Sources */ = {isa = PBXBuildFile; fileRef = 70DBC70C25DA7466002B315D /* Event.swift */; };
		70DBC71025DA7482002B315D /* Venue.swift in Sources */ = {isa = PBXBuildFile; fileRef = 70DBC70F25DA7482002B315D /* Venue.swift */; };
		70DBC71425DA7708002B315D /* BaseTableViewAdapter.swift in Sources */ = {isa = PBXBuildFile; fileRef = 70DBC71325DA7708002B315D /* BaseTableViewAdapter.swift */; };
		70DBC71825DA772A002B315D /* SectionConfiguration.swift in Sources */ = {isa = PBXBuildFile; fileRef = 70DBC71725DA772A002B315D /* SectionConfiguration.swift */; };
		70DBC71B25DA7745002B315D /* CellConfiguration.swift in Sources */ = {isa = PBXBuildFile; fileRef = 70DBC71A25DA7745002B315D /* CellConfiguration.swift */; };
		70DBC71E25DA7763002B315D /* ReusableView.swift in Sources */ = {isa = PBXBuildFile; fileRef = 70DBC71D25DA7763002B315D /* ReusableView.swift */; };
		70DBC72125DA777B002B315D /* ResourceRouter.swift in Sources */ = {isa = PBXBuildFile; fileRef = 70DBC72025DA777B002B315D /* ResourceRouter.swift */; };
		70DBC72425DA7797002B315D /* ClickableCellConfiguration.swift in Sources */ = {isa = PBXBuildFile; fileRef = 70DBC72325DA7797002B315D /* ClickableCellConfiguration.swift */; };
/* End PBXBuildFile section */

/* Begin PBXFileReference section */
		70DBC68E25DA574C002B315D /* Stockholm.app */ = {isa = PBXFileReference; explicitFileType = wrapper.application; includeInIndex = 0; path = Stockholm.app; sourceTree = BUILT_PRODUCTS_DIR; };
		70DBC69125DA574C002B315D /* AppDelegate.swift */ = {isa = PBXFileReference; lastKnownFileType = sourcecode.swift; path = AppDelegate.swift; sourceTree = "<group>"; };
		70DBC69A25DA574D002B315D /* Assets.xcassets */ = {isa = PBXFileReference; lastKnownFileType = folder.assetcatalog; path = Assets.xcassets; sourceTree = "<group>"; };
		70DBC69D25DA574D002B315D /* Base */ = {isa = PBXFileReference; lastKnownFileType = file.storyboard; name = Base; path = Base.lproj/LaunchScreen.storyboard; sourceTree = "<group>"; };
		70DBC69F25DA574D002B315D /* Info.plist */ = {isa = PBXFileReference; lastKnownFileType = text.plist.xml; path = Info.plist; sourceTree = "<group>"; };
		70DBC6B425DA58CA002B315D /* Coordinator.swift */ = {isa = PBXFileReference; lastKnownFileType = sourcecode.swift; path = Coordinator.swift; sourceTree = "<group>"; };
		70DBC6B825DA58D2002B315D /* Router.swift */ = {isa = PBXFileReference; lastKnownFileType = sourcecode.swift; path = Router.swift; sourceTree = "<group>"; };
		70DBC6BD25DA597E002B315D /* EventsViewController.swift */ = {isa = PBXFileReference; lastKnownFileType = sourcecode.swift; path = EventsViewController.swift; sourceTree = "<group>"; };
		70DBC6C225DA59B5002B315D /* EventsViewController.xib */ = {isa = PBXFileReference; lastKnownFileType = file.xib; path = EventsViewController.xib; sourceTree = "<group>"; };
		70DBC6C525DA59D2002B315D /* EventsModuleIntitializer.swift */ = {isa = PBXFileReference; lastKnownFileType = sourcecode.swift; path = EventsModuleIntitializer.swift; sourceTree = "<group>"; };
		70DBC6C825DA59DF002B315D /* EventsViewModel.swift */ = {isa = PBXFileReference; lastKnownFileType = sourcecode.swift; path = EventsViewModel.swift; sourceTree = "<group>"; };
		70DBC6CD25DA59F4002B315D /* ApplicationCoordinator.swift */ = {isa = PBXFileReference; lastKnownFileType = sourcecode.swift; path = ApplicationCoordinator.swift; sourceTree = "<group>"; };
		70DBC6D125DA5AE2002B315D /* Closure.swift */ = {isa = PBXFileReference; lastKnownFileType = sourcecode.swift; path = Closure.swift; sourceTree = "<group>"; };
		70DBC6D825DA5D45002B315D /* UIWindow+Extension.swift */ = {isa = PBXFileReference; lastKnownFileType = sourcecode.swift; path = "UIWindow+Extension.swift"; sourceTree = "<group>"; };
		70DBC6DC25DA5D87002B315D /* Router+Extension.swift */ = {isa = PBXFileReference; lastKnownFileType = sourcecode.swift; path = "Router+Extension.swift"; sourceTree = "<group>"; };
		70DBC6DF25DA5DE7002B315D /* String+Extension.swift */ = {isa = PBXFileReference; lastKnownFileType = sourcecode.swift; path = "String+Extension.swift"; sourceTree = "<group>"; };
		70DBC6EA25DA5E3E002B315D /* Localizable.strings */ = {isa = PBXFileReference; lastKnownFileType = text.plist.strings; path = Localizable.strings; sourceTree = "<group>"; };
		70DBC6EF25DA622F002B315D /* Result.swift */ = {isa = PBXFileReference; lastKnownFileType = sourcecode.swift; path = Result.swift; sourceTree = "<group>"; };
		70DBC6F325DA6279002B315D /* ServerError.swift */ = {isa = PBXFileReference; lastKnownFileType = sourcecode.swift; path = ServerError.swift; sourceTree = "<group>"; };
		70DBC6F625DA6297002B315D /* APIClient.swift */ = {isa = PBXFileReference; lastKnownFileType = sourcecode.swift; path = APIClient.swift; sourceTree = "<group>"; };
		70DBC6FA25DA62BE002B315D /* CustomError.swift */ = {isa = PBXFileReference; lastKnownFileType = sourcecode.swift; path = CustomError.swift; sourceTree = "<group>"; };
		70DBC6FD25DA62DF002B315D /* Route.swift */ = {isa = PBXFileReference; lastKnownFileType = sourcecode.swift; path = Route.swift; sourceTree = "<group>"; };
		70DBC70025DA6320002B315D /* DateDecodingStrategy+Extension.swift */ = {isa = PBXFileReference; lastKnownFileType = sourcecode.swift; path = "DateDecodingStrategy+Extension.swift"; sourceTree = "<group>"; };
		70DBC70325DA6399002B315D /* Urls.swift */ = {isa = PBXFileReference; lastKnownFileType = sourcecode.swift; path = Urls.swift; sourceTree = "<group>"; };
		70DBC70625DA708D002B315D /* Events.swift */ = {isa = PBXFileReference; lastKnownFileType = sourcecode.swift; path = Events.swift; sourceTree = "<group>"; };
		70DBC70925DA70C2002B315D /* EventsInteractor.swift */ = {isa = PBXFileReference; lastKnownFileType = sourcecode.swift; path = EventsInteractor.swift; sourceTree = "<group>"; };
		70DBC70C25DA7466002B315D /* Event.swift */ = {isa = PBXFileReference; lastKnownFileType = sourcecode.swift; path = Event.swift; sourceTree = "<group>"; };
		70DBC70F25DA7482002B315D /* Venue.swift */ = {isa = PBXFileReference; lastKnownFileType = sourcecode.swift; path = Venue.swift; sourceTree = "<group>"; };
		70DBC71325DA7708002B315D /* BaseTableViewAdapter.swift */ = {isa = PBXFileReference; lastKnownFileType = sourcecode.swift; path = BaseTableViewAdapter.swift; sourceTree = "<group>"; };
		70DBC71725DA772A002B315D /* SectionConfiguration.swift */ = {isa = PBXFileReference; lastKnownFileType = sourcecode.swift; path = SectionConfiguration.swift; sourceTree = "<group>"; };
		70DBC71A25DA7745002B315D /* CellConfiguration.swift */ = {isa = PBXFileReference; lastKnownFileType = sourcecode.swift; path = CellConfiguration.swift; sourceTree = "<group>"; };
		70DBC71D25DA7763002B315D /* ReusableView.swift */ = {isa = PBXFileReference; lastKnownFileType = sourcecode.swift; path = ReusableView.swift; sourceTree = "<group>"; };
		70DBC72025DA777B002B315D /* ResourceRouter.swift */ = {isa = PBXFileReference; lastKnownFileType = sourcecode.swift; path = ResourceRouter.swift; sourceTree = "<group>"; };
		70DBC72325DA7797002B315D /* ClickableCellConfiguration.swift */ = {isa = PBXFileReference; lastKnownFileType = sourcecode.swift; path = ClickableCellConfiguration.swift; sourceTree = "<group>"; };
/* End PBXFileReference section */

/* Begin PBXFrameworksBuildPhase section */
		70DBC68B25DA574C002B315D /* Frameworks */ = {
			isa = PBXFrameworksBuildPhase;
			buildActionMask = 2147483647;
			files = (
			);
			runOnlyForDeploymentPostprocessing = 0;
		};
/* End PBXFrameworksBuildPhase section */

/* Begin PBXGroup section */
		70DBC68525DA574C002B315D = {
			isa = PBXGroup;
			children = (
				70DBC69025DA574C002B315D /* Stockholm */,
				70DBC68F25DA574C002B315D /* Products */,
			);
			sourceTree = "<group>";
		};
		70DBC68F25DA574C002B315D /* Products */ = {
			isa = PBXGroup;
			children = (
				70DBC68E25DA574C002B315D /* Stockholm.app */,
			);
			name = Products;
			sourceTree = "<group>";
		};
		70DBC69025DA574C002B315D /* Stockholm */ = {
			isa = PBXGroup;
			children = (
				70DBC6D425DA5B76002B315D /* Resources */,
				70DBC6BB25DA590B002B315D /* Flow */,
				70DBC6AD25DA589D002B315D /* Base */,
				70DBC6AA25DA583B002B315D /* Application */,
			);
			path = Stockholm;
			sourceTree = "<group>";
		};
		70DBC6AA25DA583B002B315D /* Application */ = {
			isa = PBXGroup;
			children = (
				70DBC69F25DA574D002B315D /* Info.plist */,
				70DBC69125DA574C002B315D /* AppDelegate.swift */,
			);
			path = Application;
			sourceTree = "<group>";
		};
		70DBC6AD25DA589D002B315D /* Base */ = {
			isa = PBXGroup;
			children = (
				70DBC71225DA76F4002B315D /* Adapter */,
				70DBC6EE25DA6196002B315D /* Network */,
				70DBC6D725DA5D35002B315D /* Extensions */,
				70DBC6B325DA58BB002B315D /* Coordinator */,
				70DBC6D125DA5AE2002B315D /* Closure.swift */,
			);
			path = Base;
			sourceTree = "<group>";
		};
		70DBC6B325DA58BB002B315D /* Coordinator */ = {
			isa = PBXGroup;
			children = (
				70DBC6B425DA58CA002B315D /* Coordinator.swift */,
				70DBC6B825DA58D2002B315D /* Router.swift */,
			);
			path = Coordinator;
			sourceTree = "<group>";
		};
		70DBC6BB25DA590B002B315D /* Flow */ = {
			isa = PBXGroup;
			children = (
				70DBC6CD25DA59F4002B315D /* ApplicationCoordinator.swift */,
				70DBC6BC25DA5969002B315D /* Events */,
			);
			path = Flow;
			sourceTree = "<group>";
		};
		70DBC6BC25DA5969002B315D /* Events */ = {
			isa = PBXGroup;
			children = (
				70DBC6C525DA59D2002B315D /* EventsModuleIntitializer.swift */,
				70DBC6C825DA59DF002B315D /* EventsViewModel.swift */,
				70DBC6BD25DA597E002B315D /* EventsViewController.swift */,
				70DBC6C225DA59B5002B315D /* EventsViewController.xib */,
			);
			path = Events;
			sourceTree = "<group>";
		};
		70DBC6D425DA5B76002B315D /* Resources */ = {
			isa = PBXGroup;
			children = (
				70DBC69C25DA574D002B315D /* LaunchScreen.storyboard */,
				70DBC69A25DA574D002B315D /* Assets.xcassets */,
				70DBC6EA25DA5E3E002B315D /* Localizable.strings */,
			);
			path = Resources;
			sourceTree = "<group>";
		};
		70DBC6D725DA5D35002B315D /* Extensions */ = {
			isa = PBXGroup;
			children = (
				70DBC6D825DA5D45002B315D /* UIWindow+Extension.swift */,
				70DBC6DC25DA5D87002B315D /* Router+Extension.swift */,
				70DBC6DF25DA5DE7002B315D /* String+Extension.swift */,
				70DBC70025DA6320002B315D /* DateDecodingStrategy+Extension.swift */,
			);
			path = Extensions;
			sourceTree = "<group>";
		};
		70DBC6EE25DA6196002B315D /* Network */ = {
			isa = PBXGroup;
			children = (
				70DBC6F225DA626E002B315D /* Models */,
				70DBC6EF25DA622F002B315D /* Result.swift */,
				70DBC6F625DA6297002B315D /* APIClient.swift */,
				70DBC6FA25DA62BE002B315D /* CustomError.swift */,
				70DBC6FD25DA62DF002B315D /* Route.swift */,
				70DBC70325DA6399002B315D /* Urls.swift */,
				70DBC70925DA70C2002B315D /* EventsInteractor.swift */,
			);
			path = Network;
			sourceTree = "<group>";
		};
		70DBC6F225DA626E002B315D /* Models */ = {
			isa = PBXGroup;
			children = (
				70DBC6F325DA6279002B315D /* ServerError.swift */,
				70DBC70625DA708D002B315D /* Events.swift */,
				70DBC70C25DA7466002B315D /* Event.swift */,
				70DBC70F25DA7482002B315D /* Venue.swift */,
			);
			path = Models;
			sourceTree = "<group>";
		};
		70DBC71225DA76F4002B315D /* Adapter */ = {
			isa = PBXGroup;
			children = (
				70DBC71325DA7708002B315D /* BaseTableViewAdapter.swift */,
				70DBC71725DA772A002B315D /* SectionConfiguration.swift */,
				70DBC71A25DA7745002B315D /* CellConfiguration.swift */,
				70DBC71D25DA7763002B315D /* ReusableView.swift */,
				70DBC72025DA777B002B315D /* ResourceRouter.swift */,
				70DBC72325DA7797002B315D /* ClickableCellConfiguration.swift */,
			);
			path = Adapter;
			sourceTree = "<group>";
		};
/* End PBXGroup section */

/* Begin PBXNativeTarget section */
		70DBC68D25DA574C002B315D /* Stockholm */ = {
			isa = PBXNativeTarget;
			buildConfigurationList = 70DBC6A225DA574D002B315D /* Build configuration list for PBXNativeTarget "Stockholm" */;
			buildPhases = (
				70DBC68A25DA574C002B315D /* Sources */,
				70DBC68B25DA574C002B315D /* Frameworks */,
				70DBC68C25DA574C002B315D /* Resources */,
			);
			buildRules = (
			);
			dependencies = (
			);
			name = Stockholm;
			productName = Stockholm;
			productReference = 70DBC68E25DA574C002B315D /* Stockholm.app */;
			productType = "com.apple.product-type.application";
		};
/* End PBXNativeTarget section */

/* Begin PBXProject section */
		70DBC68625DA574C002B315D /* Project object */ = {
			isa = PBXProject;
			attributes = {
				LastSwiftUpdateCheck = 1240;
				LastUpgradeCheck = 1240;
				TargetAttributes = {
					70DBC68D25DA574C002B315D = {
						CreatedOnToolsVersion = 12.4;
					};
				};
			};
			buildConfigurationList = 70DBC68925DA574C002B315D /* Build configuration list for PBXProject "Stockholm" */;
			compatibilityVersion = "Xcode 9.3";
			developmentRegion = en;
			hasScannedForEncodings = 0;
			knownRegions = (
				en,
				Base,
			);
			mainGroup = 70DBC68525DA574C002B315D;
			productRefGroup = 70DBC68F25DA574C002B315D /* Products */;
			projectDirPath = "";
			projectRoot = "";
			targets = (
				70DBC68D25DA574C002B315D /* Stockholm */,
			);
		};
/* End PBXProject section */

/* Begin PBXResourcesBuildPhase section */
		70DBC68C25DA574C002B315D /* Resources */ = {
			isa = PBXResourcesBuildPhase;
			buildActionMask = 2147483647;
			files = (
				70DBC69E25DA574D002B315D /* LaunchScreen.storyboard in Resources */,
				70DBC6EB25DA5E3E002B315D /* Localizable.strings in Resources */,
				70DBC6C325DA59B5002B315D /* EventsViewController.xib in Resources */,
				70DBC69B25DA574D002B315D /* Assets.xcassets in Resources */,
			);
			runOnlyForDeploymentPostprocessing = 0;
		};
/* End PBXResourcesBuildPhase section */

/* Begin PBXSourcesBuildPhase section */
		70DBC68A25DA574C002B315D /* Sources */ = {
			isa = PBXSourcesBuildPhase;
			buildActionMask = 2147483647;
			files = (
				70DBC70725DA708D002B315D /* Events.swift in Sources */,
				70DBC6C625DA59D2002B315D /* EventsModuleIntitializer.swift in Sources */,
				70DBC72425DA7797002B315D /* ClickableCellConfiguration.swift in Sources */,
				70DBC6E025DA5DE7002B315D /* String+Extension.swift in Sources */,
				70DBC6B925DA58D2002B315D /* Router.swift in Sources */,
				70DBC6D925DA5D45002B315D /* UIWindow+Extension.swift in Sources */,
				70DBC69225DA574C002B315D /* AppDelegate.swift in Sources */,
				70DBC6FE25DA62DF002B315D /* Route.swift in Sources */,
				70DBC71E25DA7763002B315D /* ReusableView.swift in Sources */,
				70DBC6FB25DA62BE002B315D /* CustomError.swift in Sources */,
				70DBC6DD25DA5D87002B315D /* Router+Extension.swift in Sources */,
				70DBC71425DA7708002B315D /* BaseTableViewAdapter.swift in Sources */,
				70DBC6F025DA622F002B315D /* Result.swift in Sources */,
				70DBC70425DA6399002B315D /* Urls.swift in Sources */,
				70DBC6F725DA6297002B315D /* APIClient.swift in Sources */,
				70DBC6C925DA59DF002B315D /* EventsViewModel.swift in Sources */,
				70DBC72125DA777B002B315D /* ResourceRouter.swift in Sources */,
				70DBC6D225DA5AE2002B315D /* Closure.swift in Sources */,
				70DBC6F425DA6279002B315D /* ServerError.swift in Sources */,
				70DBC71025DA7482002B315D /* Venue.swift in Sources */,
				70DBC6B525DA58CA002B315D /* Coordinator.swift in Sources */,
				70DBC71825DA772A002B315D /* SectionConfiguration.swift in Sources */,
				70DBC6BE25DA597E002B315D /* EventsViewController.swift in Sources */,
				70DBC70A25DA70C2002B315D /* EventsInteractor.swift in Sources */,
				70DBC6CE25DA59F4002B315D /* ApplicationCoordinator.swift in Sources */,
				70DBC70D25DA7466002B315D /* Event.swift in Sources */,
				70DBC71B25DA7745002B315D /* CellConfiguration.swift in Sources */,
				70DBC70125DA6320002B315D /* DateDecodingStrategy+Extension.swift in Sources */,
			);
			runOnlyForDeploymentPostprocessing = 0;
		};
/* End PBXSourcesBuildPhase section */

/* Begin PBXVariantGroup section */
		70DBC69C25DA574D002B315D /* LaunchScreen.storyboard */ = {
			isa = PBXVariantGroup;
			children = (
				70DBC69D25DA574D002B315D /* Base */,
			);
			name = LaunchScreen.storyboard;
			sourceTree = "<group>";
		};
/* End PBXVariantGroup section */

/* Begin XCBuildConfiguration section */
		70DBC6A025DA574D002B315D /* Debug */ = {
			isa = XCBuildConfiguration;
			buildSettings = {
				ALWAYS_SEARCH_USER_PATHS = NO;
				CLANG_ANALYZER_NONNULL = YES;
				CLANG_ANALYZER_NUMBER_OBJECT_CONVERSION = YES_AGGRESSIVE;
				CLANG_CXX_LANGUAGE_STANDARD = "gnu++14";
				CLANG_CXX_LIBRARY = "libc++";
				CLANG_ENABLE_MODULES = YES;
				CLANG_ENABLE_OBJC_ARC = YES;
				CLANG_ENABLE_OBJC_WEAK = YES;
				CLANG_WARN_BLOCK_CAPTURE_AUTORELEASING = YES;
				CLANG_WARN_BOOL_CONVERSION = YES;
				CLANG_WARN_COMMA = YES;
				CLANG_WARN_CONSTANT_CONVERSION = YES;
				CLANG_WARN_DEPRECATED_OBJC_IMPLEMENTATIONS = YES;
				CLANG_WARN_DIRECT_OBJC_ISA_USAGE = YES_ERROR;
				CLANG_WARN_DOCUMENTATION_COMMENTS = YES;
				CLANG_WARN_EMPTY_BODY = YES;
				CLANG_WARN_ENUM_CONVERSION = YES;
				CLANG_WARN_INFINITE_RECURSION = YES;
				CLANG_WARN_INT_CONVERSION = YES;
				CLANG_WARN_NON_LITERAL_NULL_CONVERSION = YES;
				CLANG_WARN_OBJC_IMPLICIT_RETAIN_SELF = YES;
				CLANG_WARN_OBJC_LITERAL_CONVERSION = YES;
				CLANG_WARN_OBJC_ROOT_CLASS = YES_ERROR;
				CLANG_WARN_QUOTED_INCLUDE_IN_FRAMEWORK_HEADER = YES;
				CLANG_WARN_RANGE_LOOP_ANALYSIS = YES;
				CLANG_WARN_STRICT_PROTOTYPES = YES;
				CLANG_WARN_SUSPICIOUS_MOVE = YES;
				CLANG_WARN_UNGUARDED_AVAILABILITY = YES_AGGRESSIVE;
				CLANG_WARN_UNREACHABLE_CODE = YES;
				CLANG_WARN__DUPLICATE_METHOD_MATCH = YES;
				COPY_PHASE_STRIP = NO;
				DEBUG_INFORMATION_FORMAT = dwarf;
				ENABLE_STRICT_OBJC_MSGSEND = YES;
				ENABLE_TESTABILITY = YES;
				GCC_C_LANGUAGE_STANDARD = gnu11;
				GCC_DYNAMIC_NO_PIC = NO;
				GCC_NO_COMMON_BLOCKS = YES;
				GCC_OPTIMIZATION_LEVEL = 0;
				GCC_PREPROCESSOR_DEFINITIONS = (
					"DEBUG=1",
					"$(inherited)",
				);
				GCC_WARN_64_TO_32_BIT_CONVERSION = YES;
				GCC_WARN_ABOUT_RETURN_TYPE = YES_ERROR;
				GCC_WARN_UNDECLARED_SELECTOR = YES;
				GCC_WARN_UNINITIALIZED_AUTOS = YES_AGGRESSIVE;
				GCC_WARN_UNUSED_FUNCTION = YES;
				GCC_WARN_UNUSED_VARIABLE = YES;
				IPHONEOS_DEPLOYMENT_TARGET = 14.4;
				MTL_ENABLE_DEBUG_INFO = INCLUDE_SOURCE;
				MTL_FAST_MATH = YES;
				ONLY_ACTIVE_ARCH = YES;
				SDKROOT = iphoneos;
				SWIFT_ACTIVE_COMPILATION_CONDITIONS = DEBUG;
				SWIFT_OPTIMIZATION_LEVEL = "-Onone";
			};
			name = Debug;
		};
		70DBC6A125DA574D002B315D /* Release */ = {
			isa = XCBuildConfiguration;
			buildSettings = {
				ALWAYS_SEARCH_USER_PATHS = NO;
				CLANG_ANALYZER_NONNULL = YES;
				CLANG_ANALYZER_NUMBER_OBJECT_CONVERSION = YES_AGGRESSIVE;
				CLANG_CXX_LANGUAGE_STANDARD = "gnu++14";
				CLANG_CXX_LIBRARY = "libc++";
				CLANG_ENABLE_MODULES = YES;
				CLANG_ENABLE_OBJC_ARC = YES;
				CLANG_ENABLE_OBJC_WEAK = YES;
				CLANG_WARN_BLOCK_CAPTURE_AUTORELEASING = YES;
				CLANG_WARN_BOOL_CONVERSION = YES;
				CLANG_WARN_COMMA = YES;
				CLANG_WARN_CONSTANT_CONVERSION = YES;
				CLANG_WARN_DEPRECATED_OBJC_IMPLEMENTATIONS = YES;
				CLANG_WARN_DIRECT_OBJC_ISA_USAGE = YES_ERROR;
				CLANG_WARN_DOCUMENTATION_COMMENTS = YES;
				CLANG_WARN_EMPTY_BODY = YES;
				CLANG_WARN_ENUM_CONVERSION = YES;
				CLANG_WARN_INFINITE_RECURSION = YES;
				CLANG_WARN_INT_CONVERSION = YES;
				CLANG_WARN_NON_LITERAL_NULL_CONVERSION = YES;
				CLANG_WARN_OBJC_IMPLICIT_RETAIN_SELF = YES;
				CLANG_WARN_OBJC_LITERAL_CONVERSION = YES;
				CLANG_WARN_OBJC_ROOT_CLASS = YES_ERROR;
				CLANG_WARN_QUOTED_INCLUDE_IN_FRAMEWORK_HEADER = YES;
				CLANG_WARN_RANGE_LOOP_ANALYSIS = YES;
				CLANG_WARN_STRICT_PROTOTYPES = YES;
				CLANG_WARN_SUSPICIOUS_MOVE = YES;
				CLANG_WARN_UNGUARDED_AVAILABILITY = YES_AGGRESSIVE;
				CLANG_WARN_UNREACHABLE_CODE = YES;
				CLANG_WARN__DUPLICATE_METHOD_MATCH = YES;
				COPY_PHASE_STRIP = NO;
				DEBUG_INFORMATION_FORMAT = "dwarf-with-dsym";
				ENABLE_NS_ASSERTIONS = NO;
				ENABLE_STRICT_OBJC_MSGSEND = YES;
				GCC_C_LANGUAGE_STANDARD = gnu11;
				GCC_NO_COMMON_BLOCKS = YES;
				GCC_WARN_64_TO_32_BIT_CONVERSION = YES;
				GCC_WARN_ABOUT_RETURN_TYPE = YES_ERROR;
				GCC_WARN_UNDECLARED_SELECTOR = YES;
				GCC_WARN_UNINITIALIZED_AUTOS = YES_AGGRESSIVE;
				GCC_WARN_UNUSED_FUNCTION = YES;
				GCC_WARN_UNUSED_VARIABLE = YES;
				IPHONEOS_DEPLOYMENT_TARGET = 14.4;
				MTL_ENABLE_DEBUG_INFO = NO;
				MTL_FAST_MATH = YES;
				SDKROOT = iphoneos;
				SWIFT_COMPILATION_MODE = wholemodule;
				SWIFT_OPTIMIZATION_LEVEL = "-O";
				VALIDATE_PRODUCT = YES;
			};
			name = Release;
		};
		70DBC6A325DA574D002B315D /* Debug */ = {
			isa = XCBuildConfiguration;
			buildSettings = {
				ASSETCATALOG_COMPILER_APPICON_NAME = AppIcon;
				ASSETCATALOG_COMPILER_GLOBAL_ACCENT_COLOR_NAME = AccentColor;
				CODE_SIGN_STYLE = Automatic;
				DEVELOPMENT_TEAM = 9ZH9VN3C8R;
				INFOPLIST_FILE = Stockholm/Application/Info.plist;
				IPHONEOS_DEPLOYMENT_TARGET = 11.0;
				LD_RUNPATH_SEARCH_PATHS = (
					"$(inherited)",
					"@executable_path/Frameworks",
				);
				PRODUCT_BUNDLE_IDENTIFIER = com.daniilsentsov.Stockholm;
				PRODUCT_NAME = "$(TARGET_NAME)";
				SWIFT_VERSION = 5.0;
				TARGETED_DEVICE_FAMILY = "1,2";
			};
			name = Debug;
		};
		70DBC6A425DA574D002B315D /* Release */ = {
			isa = XCBuildConfiguration;
			buildSettings = {
				ASSETCATALOG_COMPILER_APPICON_NAME = AppIcon;
				ASSETCATALOG_COMPILER_GLOBAL_ACCENT_COLOR_NAME = AccentColor;
				CODE_SIGN_STYLE = Automatic;
				DEVELOPMENT_TEAM = 9ZH9VN3C8R;
				INFOPLIST_FILE = Stockholm/Application/Info.plist;
				IPHONEOS_DEPLOYMENT_TARGET = 11.0;
				LD_RUNPATH_SEARCH_PATHS = (
					"$(inherited)",
					"@executable_path/Frameworks",
				);
				PRODUCT_BUNDLE_IDENTIFIER = com.daniilsentsov.Stockholm;
				PRODUCT_NAME = "$(TARGET_NAME)";
				SWIFT_VERSION = 5.0;
				TARGETED_DEVICE_FAMILY = "1,2";
			};
			name = Release;
		};
/* End XCBuildConfiguration section */

/* Begin XCConfigurationList section */
		70DBC68925DA574C002B315D /* Build configuration list for PBXProject "Stockholm" */ = {
			isa = XCConfigurationList;
			buildConfigurations = (
				70DBC6A025DA574D002B315D /* Debug */,
				70DBC6A125DA574D002B315D /* Release */,
			);
			defaultConfigurationIsVisible = 0;
			defaultConfigurationName = Release;
		};
		70DBC6A225DA574D002B315D /* Build configuration list for PBXNativeTarget "Stockholm" */ = {
			isa = XCConfigurationList;
			buildConfigurations = (
				70DBC6A325DA574D002B315D /* Debug */,
				70DBC6A425DA574D002B315D /* Release */,
			);
			defaultConfigurationIsVisible = 0;
			defaultConfigurationName = Release;
		};
/* End XCConfigurationList section */
	};
	rootObject = 70DBC68625DA574C002B315D /* Project object */;
}
